
Microsoft Visual Studio Solution File, Format Version 12.00
# Visual Studio 15
VisualStudioVersion = 15.0.26124.0
MinimumVisualStudioVersion = 15.0.26124.0
Project("{2150E333-8FDC-42A3-9474-1A3956D46DE8}") = "Project", "Project", "{23DACD82-8E58-4AA3-9160-DA90B8DB6192}"
EndProject
Project("{FAE04EC0-301F-11D3-BF4B-00C04F79EFBC}") = "MathsLibrary", "Project\MathsLibrary\MathsLibrary.csproj", "{3BC936AE-34DC-4B04-B887-74AE83D96E70}"
EndProject
Project("{FAE04EC0-301F-11D3-BF4B-00C04F79EFBC}") = "ShowCase", "Project\ShowCase\ShowCase.csproj", "{5E88E68E-FFE6-44B2-B642-BB306D82183F}"
EndProject
Project("{FAE04EC0-301F-11D3-BF4B-00C04F79EFBC}") = "PeopleLibrary", "Project\PeopleLibrary\PeopleLibrary.csproj", "{57F34F8D-44CD-4163-9604-FEA9A1EF67D5}"
EndProject
Global
	GlobalSection(SolutionConfigurationPlatforms) = preSolution
		Debug|Any CPU = Debug|Any CPU
		Debug|x64 = Debug|x64
		Debug|x86 = Debug|x86
		Release|Any CPU = Release|Any CPU
		Release|x64 = Release|x64
		Release|x86 = Release|x86
	EndGlobalSection
	GlobalSection(SolutionProperties) = preSolution
		HideSolutionNode = FALSE
	EndGlobalSection
	GlobalSection(ProjectConfigurationPlatforms) = postSolution
		{3BC936AE-34DC-4B04-B887-74AE83D96E70}.Debug|Any CPU.ActiveCfg = Debug|Any CPU
		{3BC936AE-34DC-4B04-B887-74AE83D96E70}.Debug|Any CPU.Build.0 = Debug|Any CPU
		{3BC936AE-34DC-4B04-B887-74AE83D96E70}.Debug|x64.ActiveCfg = Debug|Any CPU
		{3BC936AE-34DC-4B04-B887-74AE83D96E70}.Debug|x64.Build.0 = Debug|Any CPU
		{3BC936AE-34DC-4B04-B887-74AE83D96E70}.Debug|x86.ActiveCfg = Debug|Any CPU
		{3BC936AE-34DC-4B04-B887-74AE83D96E70}.Debug|x86.Build.0 = Debug|Any CPU
		{3BC936AE-34DC-4B04-B887-74AE83D96E70}.Release|Any CPU.ActiveCfg = Release|Any CPU
		{3BC936AE-34DC-4B04-B887-74AE83D96E70}.Release|Any CPU.Build.0 = Release|Any CPU
		{3BC936AE-34DC-4B04-B887-74AE83D96E70}.Release|x64.ActiveCfg = Release|Any CPU
		{3BC936AE-34DC-4B04-B887-74AE83D96E70}.Release|x64.Build.0 = Release|Any CPU
		{3BC936AE-34DC-4B04-B887-74AE83D96E70}.Release|x86.ActiveCfg = Release|Any CPU
		{3BC936AE-34DC-4B04-B887-74AE83D96E70}.Release|x86.Build.0 = Release|Any CPU
		{5E88E68E-FFE6-44B2-B642-BB306D82183F}.Debug|Any CPU.ActiveCfg = Debug|Any CPU
		{5E88E68E-FFE6-44B2-B642-BB306D82183F}.Debug|Any CPU.Build.0 = Debug|Any CPU
		{5E88E68E-FFE6-44B2-B642-BB306D82183F}.Debug|x64.ActiveCfg = Debug|Any CPU
		{5E88E68E-FFE6-44B2-B642-BB306D82183F}.Debug|x64.Build.0 = Debug|Any CPU
		{5E88E68E-FFE6-44B2-B642-BB306D82183F}.Debug|x86.ActiveCfg = Debug|Any CPU
		{5E88E68E-FFE6-44B2-B642-BB306D82183F}.Debug|x86.Build.0 = Debug|Any CPU
		{5E88E68E-FFE6-44B2-B642-BB306D82183F}.Release|Any CPU.ActiveCfg = Release|Any CPU
		{5E88E68E-FFE6-44B2-B642-BB306D82183F}.Release|Any CPU.Build.0 = Release|Any CPU
		{5E88E68E-FFE6-44B2-B642-BB306D82183F}.Release|x64.ActiveCfg = Release|Any CPU
		{5E88E68E-FFE6-44B2-B642-BB306D82183F}.Release|x64.Build.0 = Release|Any CPU
		{5E88E68E-FFE6-44B2-B642-BB306D82183F}.Release|x86.ActiveCfg = Release|Any CPU
		{5E88E68E-FFE6-44B2-B642-BB306D82183F}.Release|x86.Build.0 = Release|Any CPU
		{57F34F8D-44CD-4163-9604-FEA9A1EF67D5}.Debug|Any CPU.ActiveCfg = Debug|Any CPU
		{57F34F8D-44CD-4163-9604-FEA9A1EF67D5}.Debug|Any CPU.Build.0 = Debug|Any CPU
		{57F34F8D-44CD-4163-9604-FEA9A1EF67D5}.Debug|x64.ActiveCfg = Debug|Any CPU
		{57F34F8D-44CD-4163-9604-FEA9A1EF67D5}.Debug|x64.Build.0 = Debug|Any CPU
		{57F34F8D-44CD-4163-9604-FEA9A1EF67D5}.Debug|x86.ActiveCfg = Debug|Any CPU
		{57F34F8D-44CD-4163-9604-FEA9A1EF67D5}.Debug|x86.Build.0 = Debug|Any CPU
		{57F34F8D-44CD-4163-9604-FEA9A1EF67D5}.Release|Any CPU.ActiveCfg = Release|Any CPU
		{57F34F8D-44CD-4163-9604-FEA9A1EF67D5}.Release|Any CPU.Build.0 = Release|Any CPU
		{57F34F8D-44CD-4163-9604-FEA9A1EF67D5}.Release|x64.ActiveCfg = Release|Any CPU
		{57F34F8D-44CD-4163-9604-FEA9A1EF67D5}.Release|x64.Build.0 = Release|Any CPU
		{57F34F8D-44CD-4163-9604-FEA9A1EF67D5}.Release|x86.ActiveCfg = Release|Any CPU
		{57F34F8D-44CD-4163-9604-FEA9A1EF67D5}.Release|x86.Build.0 = Release|Any CPU
	EndGlobalSection
	GlobalSection(NestedProjects) = preSolution
		{3BC936AE-34DC-4B04-B887-74AE83D96E70} = {23DACD82-8E58-4AA3-9160-DA90B8DB6192}
		{5E88E68E-FFE6-44B2-B642-BB306D82183F} = {23DACD82-8E58-4AA3-9160-DA90B8DB6192}
		{57F34F8D-44CD-4163-9604-FEA9A1EF67D5} = {23DACD82-8E58-4AA3-9160-DA90B8DB6192}
	EndGlobalSection
EndGlobal
